{
  "version": 4,
  "terraform_version": "0.12.6",
  "serial": 14,
  "lineage": "64bff75b-34f5-d978-7c57-f8a53e96ae1d",
  "outputs": {
    "kubeconfig": {
      "value": "\n\napiVersion: v1\nclusters:\n- cluster:\n    server: https://28F16E91574F2CA4B33AA724CF4F22D3.gr7.us-west-2.eks.amazonaws.com\n    certificate-authority-data: LS0tLS1CRUdJTiBDRVJUSUZJQ0FURS0tLS0tCk1JSUN5RENDQWJDZ0F3SUJBZ0lCQURBTkJna3Foa2lHOXcwQkFRc0ZBREFWTVJNd0VRWURWUVFERXdwcmRXSmwKY201bGRHVnpNQjRYRFRFNU1URXlNVEEzTWpreE5Gb1hEVEk1TVRFeE9EQTNNamt4TkZvd0ZURVRNQkVHQTFVRQpBeE1LYTNWaVpYSnVaWFJsY3pDQ0FTSXdEUVlKS29aSWh2Y05BUUVCQlFBRGdnRVBBRENDQVFvQ2dnRUJBT2x5CnNnbFg2WXR5aGpVVFAzL2t3UWlkV0h4SU9ERk9NdzZ0QU85amlYRU9FWXhzckExWTFCV0pUaVFybWZNUWNFWWUKWkFXOHIwdEdQdlRRU0tZT29kUWdsd0dwVStKUUY4NUxYN0t2cFNnTFpQUjZMN0wyc1NBc0d6WkpRTW9yeGdmQQpSQWhnZGFXcDZsZnI2TDFnOUUxNU4xRjg4MjFRZTRGaHRhckdNdnVDTVc1RGxzUWVkQ1VRN0VzOGxPSkQwOUIvCk83dVJKd2xydWh6MFFYbXFlMjZvV3VqcDVaV2k2T3pjSUxhNXJ4aTdRTjhaODJwSm9sOExTWFZIQkFsVDVkaGEKYlpZSWJrQ0pFb1dRWnRyU1FyWWJOSmpZclh5THQvOS90YnFYVXpSUVVIZEVqTTBUeXpsRVhQc3lHRGVwV0hzawovd0o2R3Ard0hkc1dsWHV3MzdNQ0F3RUFBYU1qTUNFd0RnWURWUjBQQVFIL0JBUURBZ0trTUE4R0ExVWRFd0VCCi93UUZNQU1CQWY4d0RRWUpLb1pJaHZjTkFRRUxCUUFEZ2dFQkFHT1QrT3cyYTFvWHZORUNtTWc3ZGV6cjh2K2gKVFBzdUJjbGNNc1k4L1ZSYVdKdHNYeUJXMmk0Y2RzRmc5UWgvTmtlSG1adzRheFFTZllzYjVaelRaUVFuRFJSaAp0bThqdFNkQXR2M1N4L1pYcVlQMFQxc3VnV0VzZVlGT3laSlNuN2xPSnlZNkpFMVpGeFVjQThFK3B4Y3dleTYvCjFTaG5XV240aTkwbGxpeEwyTjJiUGlxT0ZsRDYrU2lybzVVUUFaaGV6ckdWdzlMcFJzSXBkMEpFckVEU0lPcEUKSWUzVnhUSlZLeUw0dDJBU2VDV1hyaEk0N3BnS1kwQ2JrZHpCMXVxamN4TjJQbGhmTTBYUGpxaG5xRUVReTUrKwo0TFRWMk9JNEtUT3F0RHVWYnpMWUl3RjdnVkxTclMwSnd3WnpMZG1QQmFvdk5vZ2xPc1NTTDk2eUlkYz0KLS0tLS1FTkQgQ0VSVElGSUNBVEUtLS0tLQo=\n  name: kubernetes\ncontexts:\n- context:\n    cluster: kubernetes\n    user: aws\n  name: aws\ncurrent-context: aws\nkind: Config\npreferences: {}\nusers:\n- name: aws\n  user:\n    exec:\n      apiVersion: client.authentication.k8s.io/v1alpha1\n      command: aws-iam-authenticator\n      args:\n        - \"token\"\n        - \"-i\"\n        - var.cluster-name\n",
      "type": "string"
    }
  },
  "resources": [
    {
      "mode": "data",
      "type": "aws_ami",
      "name": "eks-worker",
      "provider": "provider.aws",
      "instances": [
        {
          "schema_version": 0,
          "attributes": {
            "architecture": "x86_64",
            "block_device_mappings": [
              {
                "device_name": "/dev/xvda",
                "ebs": {
                  "delete_on_termination": "true",
                  "encrypted": "false",
                  "iops": "0",
                  "snapshot_id": "snap-0289810fe99d165a4",
                  "volume_size": "20",
                  "volume_type": "gp2"
                },
                "no_device": "",
                "virtual_name": ""
              }
            ],
            "creation_date": "2019-11-19T07:01:44.000Z",
            "description": "EKS Kubernetes Worker AMI with AmazonLinux2 image, (k8s: 1.14.7, docker:18.09.9ce-2.amzn2)",
            "executable_users": null,
            "filter": [
              {
                "name": "name",
                "values": [
                  "amazon-eks-node-1.14-v*"
                ]
              }
            ],
            "hypervisor": "xen",
            "id": "ami-07be7092831897fd6",
            "image_id": "ami-07be7092831897fd6",
            "image_location": "amazon/amazon-eks-node-1.14-v20191119",
            "image_owner_alias": "amazon",
            "image_type": "machine",
            "kernel_id": null,
            "most_recent": true,
            "name": "amazon-eks-node-1.14-v20191119",
            "name_regex": null,
            "owner_id": "602401143452",
            "owners": [
              "602401143452"
            ],
            "platform": null,
            "product_codes": [],
            "public": true,
            "ramdisk_id": null,
            "root_device_name": "/dev/xvda",
            "root_device_type": "ebs",
            "root_snapshot_id": "snap-0289810fe99d165a4",
            "sriov_net_support": "simple",
            "state": "available",
            "state_reason": {
              "code": "UNSET",
              "message": "UNSET"
            },
            "tags": {},
            "virtualization_type": "hvm"
          },
          "depends_on": [
            "aws_eks_cluster.demo"
          ]
        }
      ]
    },
    {
      "mode": "data",
      "type": "aws_availability_zones",
      "name": "available",
      "provider": "provider.aws",
      "instances": [
        {
          "schema_version": 0,
          "attributes": {
            "blacklisted_names": null,
            "blacklisted_zone_ids": null,
            "id": "2019-11-21 09:30:37.051931767 +0000 UTC",
            "names": [
              "us-west-2a",
              "us-west-2b",
              "us-west-2c",
              "us-west-2d"
            ],
            "state": null,
            "zone_ids": [
              "usw2-az2",
              "usw2-az1",
              "usw2-az3",
              "usw2-az4"
            ]
          }
        }
      ]
    },
    {
      "mode": "data",
      "type": "aws_region",
      "name": "current",
      "provider": "provider.aws",
      "instances": [
        {
          "schema_version": 0,
          "attributes": {
            "current": null,
            "description": "US West (Oregon)",
            "endpoint": "ec2.us-west-2.amazonaws.com",
            "id": "us-west-2",
            "name": "us-west-2"
          }
        }
      ]
    },
    {
      "mode": "managed",
      "type": "aws_autoscaling_group",
      "name": "demo",
      "provider": "provider.aws",
      "instances": []
    },
    {
      "mode": "managed",
      "type": "aws_eks_cluster",
      "name": "demo",
      "provider": "provider.aws",
      "instances": [
        {
          "status": "tainted",
          "schema_version": 0,
          "attributes": {
            "arn": "arn:aws:eks:us-west-2:049876562615:cluster/terraform-cloud-orchestrator-demo",
            "certificate_authority": [
              {
                "data": "LS0tLS1CRUdJTiBDRVJUSUZJQ0FURS0tLS0tCk1JSUN5RENDQWJDZ0F3SUJBZ0lCQURBTkJna3Foa2lHOXcwQkFRc0ZBREFWTVJNd0VRWURWUVFERXdwcmRXSmwKY201bGRHVnpNQjRYRFRFNU1URXlNVEEzTWpreE5Gb1hEVEk1TVRFeE9EQTNNamt4TkZvd0ZURVRNQkVHQTFVRQpBeE1LYTNWaVpYSnVaWFJsY3pDQ0FTSXdEUVlKS29aSWh2Y05BUUVCQlFBRGdnRVBBRENDQVFvQ2dnRUJBT2x5CnNnbFg2WXR5aGpVVFAzL2t3UWlkV0h4SU9ERk9NdzZ0QU85amlYRU9FWXhzckExWTFCV0pUaVFybWZNUWNFWWUKWkFXOHIwdEdQdlRRU0tZT29kUWdsd0dwVStKUUY4NUxYN0t2cFNnTFpQUjZMN0wyc1NBc0d6WkpRTW9yeGdmQQpSQWhnZGFXcDZsZnI2TDFnOUUxNU4xRjg4MjFRZTRGaHRhckdNdnVDTVc1RGxzUWVkQ1VRN0VzOGxPSkQwOUIvCk83dVJKd2xydWh6MFFYbXFlMjZvV3VqcDVaV2k2T3pjSUxhNXJ4aTdRTjhaODJwSm9sOExTWFZIQkFsVDVkaGEKYlpZSWJrQ0pFb1dRWnRyU1FyWWJOSmpZclh5THQvOS90YnFYVXpSUVVIZEVqTTBUeXpsRVhQc3lHRGVwV0hzawovd0o2R3Ard0hkc1dsWHV3MzdNQ0F3RUFBYU1qTUNFd0RnWURWUjBQQVFIL0JBUURBZ0trTUE4R0ExVWRFd0VCCi93UUZNQU1CQWY4d0RRWUpLb1pJaHZjTkFRRUxCUUFEZ2dFQkFHT1QrT3cyYTFvWHZORUNtTWc3ZGV6cjh2K2gKVFBzdUJjbGNNc1k4L1ZSYVdKdHNYeUJXMmk0Y2RzRmc5UWgvTmtlSG1adzRheFFTZllzYjVaelRaUVFuRFJSaAp0bThqdFNkQXR2M1N4L1pYcVlQMFQxc3VnV0VzZVlGT3laSlNuN2xPSnlZNkpFMVpGeFVjQThFK3B4Y3dleTYvCjFTaG5XV240aTkwbGxpeEwyTjJiUGlxT0ZsRDYrU2lybzVVUUFaaGV6ckdWdzlMcFJzSXBkMEpFckVEU0lPcEUKSWUzVnhUSlZLeUw0dDJBU2VDV1hyaEk0N3BnS1kwQ2JrZHpCMXVxamN4TjJQbGhmTTBYUGpxaG5xRUVReTUrKwo0TFRWMk9JNEtUT3F0RHVWYnpMWUl3RjdnVkxTclMwSnd3WnpMZG1QQmFvdk5vZ2xPc1NTTDk2eUlkYz0KLS0tLS1FTkQgQ0VSVElGSUNBVEUtLS0tLQo="
              }
            ],
            "created_at": "2019-11-21 07:22:07 +0000 UTC",
            "enabled_cluster_log_types": [],
            "endpoint": "https://28F16E91574F2CA4B33AA724CF4F22D3.gr7.us-west-2.eks.amazonaws.com",
            "id": "terraform-cloud-orchestrator-demo",
            "identity": [
              {
                "oidc": [
                  {
                    "issuer": "https://oidc.eks.us-west-2.amazonaws.com/id/28F16E91574F2CA4B33AA724CF4F22D3"
                  }
                ]
              }
            ],
            "name": "terraform-cloud-orchestrator-demo",
            "platform_version": "eks.3",
            "role_arn": "arn:aws:iam::049876562615:role/terraform-cloud-orchestrator-demo",
            "status": "ACTIVE",
            "tags": {},
            "timeouts": null,
            "version": "1.14",
            "vpc_config": [
              {
                "endpoint_private_access": false,
                "endpoint_public_access": true,
                "security_group_ids": [
                  "sg-0c45a108fdce65e48"
                ],
                "subnet_ids": [
                  "subnet-01d7b44267b25accf",
                  "subnet-0b8e9806f0f99718d"
                ],
                "vpc_id": "vpc-00891691bfde0e8c5"
              }
            ]
          },
          "private": "eyJlMmJmYjczMC1lY2FhLTExZTYtOGY4OC0zNDM2M2JjN2M0YzAiOnsiY3JlYXRlIjoxODAwMDAwMDAwMDAwLCJkZWxldGUiOjkwMDAwMDAwMDAwMCwidXBkYXRlIjozNjAwMDAwMDAwMDAwfX0=",
          "depends_on": [
            "aws_iam_role.demo-cluster",
            "aws_iam_role_policy_attachment.demo-cluster-AmazonEKSClusterPolicy",
            "aws_iam_role_policy_attachment.demo-cluster-AmazonEKSServicePolicy",
            "aws_security_group.demo-cluster",
            "aws_subnet.demo"
          ]
        }
      ]
    },
    {
      "mode": "managed",
      "type": "aws_iam_instance_profile",
      "name": "demo-node",
      "provider": "provider.aws",
      "instances": []
    },
    {
      "mode": "managed",
      "type": "aws_iam_role",
      "name": "demo-cluster",
      "provider": "provider.aws",
      "instances": [
        {
          "schema_version": 0,
          "attributes": {
            "arn": "arn:aws:iam::049876562615:role/terraform-cloud-orchestrator-demo",
            "assume_role_policy": "{\"Version\":\"2012-10-17\",\"Statement\":[{\"Effect\":\"Allow\",\"Principal\":{\"Service\":\"eks.amazonaws.com\"},\"Action\":\"sts:AssumeRole\"}]}",
            "create_date": "2019-11-21T07:21:31Z",
            "description": "",
            "force_detach_policies": false,
            "id": "terraform-cloud-orchestrator-demo",
            "max_session_duration": 3600,
            "name": "terraform-cloud-orchestrator-demo",
            "name_prefix": null,
            "path": "/",
            "permissions_boundary": null,
            "tags": {},
            "unique_id": "AROAQXHG76K37NJHPAB6B"
          },
          "private": "bnVsbA=="
        }
      ]
    },
    {
      "mode": "managed",
      "type": "aws_iam_role_policy_attachment",
      "name": "demo-cluster-AmazonEKSClusterPolicy",
      "provider": "provider.aws",
      "instances": [
        {
          "schema_version": 0,
          "attributes": {
            "id": "terraform-cloud-orchestrator-demo-20191121071728189200000002",
            "policy_arn": "arn:aws:iam::aws:policy/AmazonEKSClusterPolicy",
            "role": "terraform-cloud-orchestrator-demo"
          },
          "private": "bnVsbA==",
          "depends_on": [
            "aws_iam_role.demo-cluster"
          ]
        }
      ]
    },
    {
      "mode": "managed",
      "type": "aws_iam_role_policy_attachment",
      "name": "demo-cluster-AmazonEKSServicePolicy",
      "provider": "provider.aws",
      "instances": [
        {
          "schema_version": 0,
          "attributes": {
            "id": "terraform-cloud-orchestrator-demo-20191121071728165300000001",
            "policy_arn": "arn:aws:iam::aws:policy/AmazonEKSServicePolicy",
            "role": "terraform-cloud-orchestrator-demo"
          },
          "private": "bnVsbA==",
          "depends_on": [
            "aws_iam_role.demo-cluster"
          ]
        }
      ]
    },
    {
      "mode": "managed",
      "type": "aws_iam_role_policy_attachment",
      "name": "demo-node-AmazonEC2ContainerRegistryReadOnly",
      "provider": "provider.aws",
      "instances": []
    },
    {
      "mode": "managed",
      "type": "aws_iam_role_policy_attachment",
      "name": "demo-node-AmazonEKSWorkerNodePolicy",
      "provider": "provider.aws",
      "instances": []
    },
    {
      "mode": "managed",
      "type": "aws_iam_role_policy_attachment",
      "name": "demo-node-AmazonEKS_CNI_Policy",
      "provider": "provider.aws",
      "instances": []
    },
    {
      "mode": "managed",
      "type": "aws_internet_gateway",
      "name": "demo",
      "provider": "provider.aws",
      "instances": [
        {
          "schema_version": 0,
          "attributes": {
            "id": "igw-0ca6c6b376c4e5be8",
            "owner_id": "049876562615",
            "tags": {
              "Name": "terraform-cloud-orchestrator-demo"
            },
            "vpc_id": "vpc-00891691bfde0e8c5"
          },
          "private": "bnVsbA==",
          "depends_on": [
            "aws_vpc.demo"
          ]
        }
      ]
    },
    {
      "mode": "managed",
      "type": "aws_launch_configuration",
      "name": "demo",
      "provider": "provider.aws",
      "instances": []
    },
    {
      "mode": "managed",
      "type": "aws_route_table",
      "name": "demo",
      "provider": "provider.aws",
      "instances": [
        {
          "schema_version": 0,
          "attributes": {
            "id": "rtb-04696f4c08b9f5e3a",
            "owner_id": "049876562615",
            "propagating_vgws": [],
            "route": [
              {
                "cidr_block": "0.0.0.0/0",
                "egress_only_gateway_id": "",
                "gateway_id": "igw-0ca6c6b376c4e5be8",
                "instance_id": "",
                "ipv6_cidr_block": "",
                "nat_gateway_id": "",
                "network_interface_id": "",
                "transit_gateway_id": "",
                "vpc_peering_connection_id": ""
              }
            ],
            "tags": {},
            "vpc_id": "vpc-00891691bfde0e8c5"
          },
          "private": "bnVsbA==",
          "depends_on": [
            "aws_internet_gateway.demo",
            "aws_vpc.demo"
          ]
        }
      ]
    },
    {
      "mode": "managed",
      "type": "aws_route_table_association",
      "name": "demo",
      "each": "list",
      "provider": "provider.aws",
      "instances": [
        {
          "index_key": 0,
          "schema_version": 0,
          "attributes": {
            "id": "rtbassoc-0bd0f4e1c62adffa3",
            "route_table_id": "rtb-04696f4c08b9f5e3a",
            "subnet_id": "subnet-0b8e9806f0f99718d"
          },
          "private": "bnVsbA==",
          "depends_on": [
            "aws_route_table.demo",
            "aws_subnet.demo"
          ]
        },
        {
          "index_key": 1,
          "schema_version": 0,
          "attributes": {
            "id": "rtbassoc-01f5c436862e41062",
            "route_table_id": "rtb-04696f4c08b9f5e3a",
            "subnet_id": "subnet-01d7b44267b25accf"
          },
          "private": "bnVsbA==",
          "depends_on": [
            "aws_route_table.demo",
            "aws_subnet.demo"
          ]
        }
      ]
    },
    {
      "mode": "managed",
      "type": "aws_security_group",
      "name": "demo-cluster",
      "provider": "provider.aws",
      "instances": [
        {
          "schema_version": 1,
          "attributes": {
            "arn": "arn:aws:ec2:us-west-2:049876562615:security-group/sg-0c45a108fdce65e48",
            "description": "Cluster communication with worker nodes",
            "egress": [
              {
                "cidr_blocks": [
                  "0.0.0.0/0"
                ],
                "description": "",
                "from_port": 0,
                "ipv6_cidr_blocks": [],
                "prefix_list_ids": [],
                "protocol": "-1",
                "security_groups": [],
                "self": false,
                "to_port": 0
              }
            ],
            "id": "sg-0c45a108fdce65e48",
            "ingress": [
              {
                "cidr_blocks": [
                  "0.0.0.0/0"
                ],
                "description": "Allow workstation to communicate with the cluster API Server",
                "from_port": 443,
                "ipv6_cidr_blocks": [],
                "prefix_list_ids": [],
                "protocol": "tcp",
                "security_groups": [],
                "self": false,
                "to_port": 443
              }
            ],
            "name": "terraform-cloud-orchestrator-demo",
            "name_prefix": null,
            "owner_id": "049876562615",
            "revoke_rules_on_delete": false,
            "tags": {
              "Name": "terraform-cloud-orchestrator-demo"
            },
            "timeouts": null,
            "vpc_id": "vpc-00891691bfde0e8c5"
          },
          "private": "eyJlMmJmYjczMC1lY2FhLTExZTYtOGY4OC0zNDM2M2JjN2M0YzAiOnsiY3JlYXRlIjo2MDAwMDAwMDAwMDAsImRlbGV0ZSI6NjAwMDAwMDAwMDAwfSwic2NoZW1hX3ZlcnNpb24iOiIxIn0=",
          "depends_on": [
            "aws_vpc.demo"
          ]
        }
      ]
    },
    {
      "mode": "managed",
      "type": "aws_security_group_rule",
      "name": "demo-cluster-ingress-node-https",
      "provider": "provider.aws",
      "instances": []
    },
    {
      "mode": "managed",
      "type": "aws_security_group_rule",
      "name": "demo-cluster-ingress-workstation-https",
      "provider": "provider.aws",
      "instances": [
        {
          "schema_version": 2,
          "attributes": {
            "cidr_blocks": [
              "0.0.0.0/0"
            ],
            "description": "Allow workstation to communicate with the cluster API Server",
            "from_port": 443,
            "id": "sgrule-1771625179",
            "ipv6_cidr_blocks": [],
            "prefix_list_ids": [],
            "protocol": "tcp",
            "security_group_id": "sg-0c45a108fdce65e48",
            "self": false,
            "source_security_group_id": null,
            "to_port": 443,
            "type": "ingress"
          },
          "private": "eyJzY2hlbWFfdmVyc2lvbiI6IjIifQ==",
          "depends_on": [
            "aws_security_group.demo-cluster"
          ]
        }
      ]
    },
    {
      "mode": "managed",
      "type": "aws_security_group_rule",
      "name": "demo-node-ingress-cluster",
      "provider": "provider.aws",
      "instances": []
    },
    {
      "mode": "managed",
      "type": "aws_security_group_rule",
      "name": "demo-node-ingress-self",
      "provider": "provider.aws",
      "instances": []
    },
    {
      "mode": "managed",
      "type": "aws_subnet",
      "name": "demo",
      "each": "list",
      "provider": "provider.aws",
      "instances": [
        {
          "index_key": 0,
          "schema_version": 1,
          "attributes": {
            "arn": "arn:aws:ec2:us-west-2:049876562615:subnet/subnet-0b8e9806f0f99718d",
            "assign_ipv6_address_on_creation": false,
            "availability_zone": "us-west-2a",
            "availability_zone_id": "usw2-az2",
            "cidr_block": "10.0.0.0/24",
            "id": "subnet-0b8e9806f0f99718d",
            "ipv6_cidr_block": "",
            "ipv6_cidr_block_association_id": "",
            "map_public_ip_on_launch": false,
            "owner_id": "049876562615",
            "tags": {
              "Name": "terraform-cloud-orchestrator-demo",
              "kubernetes.io/cluster/terraform-cloud-orchestrator-demo": "shared"
            },
            "timeouts": null,
            "vpc_id": "vpc-00891691bfde0e8c5"
          },
          "private": "eyJlMmJmYjczMC1lY2FhLTExZTYtOGY4OC0zNDM2M2JjN2M0YzAiOnsiY3JlYXRlIjo2MDAwMDAwMDAwMDAsImRlbGV0ZSI6MTIwMDAwMDAwMDAwMH0sInNjaGVtYV92ZXJzaW9uIjoiMSJ9",
          "depends_on": [
            "aws_vpc.demo",
            "data.aws_availability_zones.available"
          ]
        },
        {
          "index_key": 1,
          "schema_version": 1,
          "attributes": {
            "arn": "arn:aws:ec2:us-west-2:049876562615:subnet/subnet-01d7b44267b25accf",
            "assign_ipv6_address_on_creation": false,
            "availability_zone": "us-west-2b",
            "availability_zone_id": "usw2-az1",
            "cidr_block": "10.0.1.0/24",
            "id": "subnet-01d7b44267b25accf",
            "ipv6_cidr_block": "",
            "ipv6_cidr_block_association_id": "",
            "map_public_ip_on_launch": false,
            "owner_id": "049876562615",
            "tags": {
              "Name": "terraform-cloud-orchestrator-demo",
              "kubernetes.io/cluster/terraform-cloud-orchestrator-demo": "shared"
            },
            "timeouts": null,
            "vpc_id": "vpc-00891691bfde0e8c5"
          },
          "private": "eyJlMmJmYjczMC1lY2FhLTExZTYtOGY4OC0zNDM2M2JjN2M0YzAiOnsiY3JlYXRlIjo2MDAwMDAwMDAwMDAsImRlbGV0ZSI6MTIwMDAwMDAwMDAwMH0sInNjaGVtYV92ZXJzaW9uIjoiMSJ9",
          "depends_on": [
            "aws_vpc.demo",
            "data.aws_availability_zones.available"
          ]
        }
      ]
    },
    {
      "mode": "managed",
      "type": "aws_vpc",
      "name": "demo",
      "provider": "provider.aws",
      "instances": [
        {
          "schema_version": 1,
          "attributes": {
            "arn": "arn:aws:ec2:us-west-2:049876562615:vpc/vpc-00891691bfde0e8c5",
            "assign_generated_ipv6_cidr_block": false,
            "cidr_block": "10.0.0.0/16",
            "default_network_acl_id": "acl-015a90a3ae05d725f",
            "default_route_table_id": "rtb-04819d4ac55200f8d",
            "default_security_group_id": "sg-0c78ef2dfc0d0552b",
            "dhcp_options_id": "dopt-997d9bfc",
            "enable_classiclink": false,
            "enable_classiclink_dns_support": false,
            "enable_dns_hostnames": false,
            "enable_dns_support": true,
            "id": "vpc-00891691bfde0e8c5",
            "instance_tenancy": "default",
            "ipv6_association_id": "",
            "ipv6_cidr_block": "",
            "main_route_table_id": "rtb-04819d4ac55200f8d",
            "owner_id": "049876562615",
            "tags": {
              "Name": "terraform-cloud-orchestrator-demo",
              "kubernetes.io/cluster/terraform-cloud-orchestrator-demo": "shared"
            }
          },
          "private": "eyJzY2hlbWFfdmVyc2lvbiI6IjEifQ=="
        }
      ]
    }
  ]
}
